
Microsoft Visual Studio Solution File, Format Version 12.00
# Visual Studio Version 16
VisualStudioVersion = 16.0.29613.14
MinimumVisualStudioVersion = 10.0.40219.1
Project("{8BC9CEB8-8B4A-11D0-8D11-00A0C91BC942}") = "test", "test.vcxproj", "{D30F183D-2BCD-4892-9D3B-7B072393E9A5}"
EndProject
Global
	GlobalSection(SolutionConfigurationPlatforms) = preSolution
		Debug|x64 = Debug|x64
		Debug|x86 = Debug|x86
		Release|x64 = Release|x64
		Release|x86 = Release|x86
	EndGlobalSection
	GlobalSection(ProjectConfigurationPlatforms) = postSolution
		{D30F183D-2BCD-4892-9D3B-7B072393E9A5}.Debug|x64.ActiveCfg = Debug|x64
		{D30F183D-2BCD-4892-9D3B-7B072393E9A5}.Debug|x64.Build.0 = Debug|x64
		{D30F183D-2BCD-4892-9D3B-7B072393E9A5}.Debug|x86.ActiveCfg = Debug|Win32
		{D30F183D-2BCD-4892-9D3B-7B072393E9A5}.Debug|x86.Build.0 = Debug|Win32
		{D30F183D-2BCD-4892-9D3B-7B072393E9A5}.Release|x64.ActiveCfg = Release|x64
		{D30F183D-2BCD-4892-9D3B-7B072393E9A5}.Release|x64.Build.0 = Release|x64
		{D30F183D-2BCD-4892-9D3B-7B072393E9A5}.Release|x86.ActiveCfg = Release|Win32
		{D30F183D-2BCD-4892-9D3B-7B072393E9A5}.Release|x86.Build.0 = Release|Win32
	EndGlobalSection
	GlobalSection(SolutionProperties) = preSolution
		HideSolutionNode = FALSE
	EndGlobalSection
	GlobalSection(ExtensibilityGlobals) = postSolution
		SolutionGuid = {9F985480-2FF2-430E-A2AA-03F75F667067}
	EndGlobalSection
EndGlobal
